
Microsoft Visual Studio Solution File, Format Version 12.00
# Visual Studio 14
VisualStudioVersion = 14.0.25420.1
MinimumVisualStudioVersion = 10.0.40219.1
Project("{2150E333-8FDC-42A3-9474-1A3956D46DE8}") = "Source", "Source", "{390E4CCD-C15E-498A-A6F1-65BFC869E848}"
EndProject
Project("{2150E333-8FDC-42A3-9474-1A3956D46DE8}") = "Test", "Test", "{FF2237A3-1C65-4BCB-991C-EB186FAEBBE6}"
EndProject
Project("{00D1A9C2-B5F0-4AF3-8072-F6C62B433612}") = "CRM.Database", "Source\CRM.Database\CRM.Database.sqlproj", "{A52238D3-240A-46BC-A78C-B734B6928CB2}"
EndProject
Project("{FAE04EC0-301F-11D3-BF4B-00C04F79EFBC}") = "CRM.EntityFramework", "Source\CRM.EntityFramework\CRM.EntityFramework.csproj", "{44961B50-53F1-4B14-82AB-49FB7B4C68EF}"
EndProject
Project("{FAE04EC0-301F-11D3-BF4B-00C04F79EFBC}") = "ConsoleClient", "Test\ConsoleClient\ConsoleClient.csproj", "{BCFBC3FC-DF54-40B2-8EE0-6C5C404B2074}"
EndProject
Project("{FAE04EC0-301F-11D3-BF4B-00C04F79EFBC}") = "CRM.WebApi", "..\..\..\..\Desktop\CRM_project_Bet_b\CRM\CRM.WebApi\CRM.WebApi.csproj", "{888097E6-DB9C-460B-B9BF-543EAA37CFFF}"
EndProject
Global
	GlobalSection(SolutionConfigurationPlatforms) = preSolution
		Debug|Any CPU = Debug|Any CPU
		Release|Any CPU = Release|Any CPU
	EndGlobalSection
	GlobalSection(ProjectConfigurationPlatforms) = postSolution
		{A52238D3-240A-46BC-A78C-B734B6928CB2}.Debug|Any CPU.ActiveCfg = Debug|Any CPU
		{A52238D3-240A-46BC-A78C-B734B6928CB2}.Debug|Any CPU.Build.0 = Debug|Any CPU
		{A52238D3-240A-46BC-A78C-B734B6928CB2}.Debug|Any CPU.Deploy.0 = Debug|Any CPU
		{A52238D3-240A-46BC-A78C-B734B6928CB2}.Release|Any CPU.ActiveCfg = Release|Any CPU
		{A52238D3-240A-46BC-A78C-B734B6928CB2}.Release|Any CPU.Build.0 = Release|Any CPU
		{A52238D3-240A-46BC-A78C-B734B6928CB2}.Release|Any CPU.Deploy.0 = Release|Any CPU
		{44961B50-53F1-4B14-82AB-49FB7B4C68EF}.Debug|Any CPU.ActiveCfg = Debug|Any CPU
		{44961B50-53F1-4B14-82AB-49FB7B4C68EF}.Debug|Any CPU.Build.0 = Debug|Any CPU
		{44961B50-53F1-4B14-82AB-49FB7B4C68EF}.Release|Any CPU.ActiveCfg = Release|Any CPU
		{44961B50-53F1-4B14-82AB-49FB7B4C68EF}.Release|Any CPU.Build.0 = Release|Any CPU
		{BCFBC3FC-DF54-40B2-8EE0-6C5C404B2074}.Debug|Any CPU.ActiveCfg = Debug|Any CPU
		{BCFBC3FC-DF54-40B2-8EE0-6C5C404B2074}.Debug|Any CPU.Build.0 = Debug|Any CPU
		{BCFBC3FC-DF54-40B2-8EE0-6C5C404B2074}.Release|Any CPU.ActiveCfg = Release|Any CPU
		{BCFBC3FC-DF54-40B2-8EE0-6C5C404B2074}.Release|Any CPU.Build.0 = Release|Any CPU
		{888097E6-DB9C-460B-B9BF-543EAA37CFFF}.Debug|Any CPU.ActiveCfg = Debug|Any CPU
		{888097E6-DB9C-460B-B9BF-543EAA37CFFF}.Debug|Any CPU.Build.0 = Debug|Any CPU
		{888097E6-DB9C-460B-B9BF-543EAA37CFFF}.Release|Any CPU.ActiveCfg = Release|Any CPU
		{888097E6-DB9C-460B-B9BF-543EAA37CFFF}.Release|Any CPU.Build.0 = Release|Any CPU
	EndGlobalSection
	GlobalSection(SolutionProperties) = preSolution
		HideSolutionNode = FALSE
	EndGlobalSection
	GlobalSection(NestedProjects) = preSolution
		{A52238D3-240A-46BC-A78C-B734B6928CB2} = {390E4CCD-C15E-498A-A6F1-65BFC869E848}
		{44961B50-53F1-4B14-82AB-49FB7B4C68EF} = {390E4CCD-C15E-498A-A6F1-65BFC869E848}
		{BCFBC3FC-DF54-40B2-8EE0-6C5C404B2074} = {FF2237A3-1C65-4BCB-991C-EB186FAEBBE6}
		{888097E6-DB9C-460B-B9BF-543EAA37CFFF} = {390E4CCD-C15E-498A-A6F1-65BFC869E848}
	EndGlobalSection
EndGlobal
