
Microsoft Visual Studio Solution File, Format Version 12.00
# Visual Studio 14
VisualStudioVersion = 14.0.25420.1
MinimumVisualStudioVersion = 10.0.40219.1
Project("{2150E333-8FDC-42A3-9474-1A3956D46DE8}") = "Source", "Source", "{390E4CCD-C15E-498A-A6F1-65BFC869E848}"
EndProject
Project("{2150E333-8FDC-42A3-9474-1A3956D46DE8}") = "Test", "Test", "{FF2237A3-1C65-4BCB-991C-EB186FAEBBE6}"
EndProject
Project("{FAE04EC0-301F-11D3-BF4B-00C04F79EFBC}") = "ConsoleClient", "Test\ConsoleClient\ConsoleClient.csproj", "{BCFBC3FC-DF54-40B2-8EE0-6C5C404B2074}"
EndProject
Project("{00D1A9C2-B5F0-4AF3-8072-F6C62B433612}") = "CRM.Database", "Source\CRM.Database\CRM.Database.sqlproj", "{BF0A3A7E-67C3-488D-9F21-70CD2EB58445}"
EndProject
Project("{FAE04EC0-301F-11D3-BF4B-00C04F79EFBC}") = "CRM.EntityFramework", "Source\CRM.EntityFramework\CRM.EntityFramework.csproj", "{629E9587-6923-48E5-9A9E-4A72CA0C8E76}"
EndProject
Project("{FAE04EC0-301F-11D3-BF4B-00C04F79EFBC}") = "CRM.WebApi", "Source\CRM.WebApi\CRM.WebApi.csproj", "{3F2EF0F1-0E45-4B76-B623-DD19DAC96F50}"
EndProject
Global
	GlobalSection(SolutionConfigurationPlatforms) = preSolution
		Debug|Any CPU = Debug|Any CPU
		Release|Any CPU = Release|Any CPU
	EndGlobalSection
	GlobalSection(ProjectConfigurationPlatforms) = postSolution
		{BCFBC3FC-DF54-40B2-8EE0-6C5C404B2074}.Debug|Any CPU.ActiveCfg = Debug|Any CPU
		{BCFBC3FC-DF54-40B2-8EE0-6C5C404B2074}.Debug|Any CPU.Build.0 = Debug|Any CPU
		{BCFBC3FC-DF54-40B2-8EE0-6C5C404B2074}.Release|Any CPU.ActiveCfg = Release|Any CPU
		{BCFBC3FC-DF54-40B2-8EE0-6C5C404B2074}.Release|Any CPU.Build.0 = Release|Any CPU
		{BF0A3A7E-67C3-488D-9F21-70CD2EB58445}.Debug|Any CPU.ActiveCfg = Debug|Any CPU
		{BF0A3A7E-67C3-488D-9F21-70CD2EB58445}.Debug|Any CPU.Build.0 = Debug|Any CPU
		{BF0A3A7E-67C3-488D-9F21-70CD2EB58445}.Debug|Any CPU.Deploy.0 = Debug|Any CPU
		{BF0A3A7E-67C3-488D-9F21-70CD2EB58445}.Release|Any CPU.ActiveCfg = Release|Any CPU
		{BF0A3A7E-67C3-488D-9F21-70CD2EB58445}.Release|Any CPU.Build.0 = Release|Any CPU
		{BF0A3A7E-67C3-488D-9F21-70CD2EB58445}.Release|Any CPU.Deploy.0 = Release|Any CPU
		{629E9587-6923-48E5-9A9E-4A72CA0C8E76}.Debug|Any CPU.ActiveCfg = Debug|Any CPU
		{629E9587-6923-48E5-9A9E-4A72CA0C8E76}.Debug|Any CPU.Build.0 = Debug|Any CPU
		{629E9587-6923-48E5-9A9E-4A72CA0C8E76}.Release|Any CPU.ActiveCfg = Release|Any CPU
		{629E9587-6923-48E5-9A9E-4A72CA0C8E76}.Release|Any CPU.Build.0 = Release|Any CPU
		{3F2EF0F1-0E45-4B76-B623-DD19DAC96F50}.Debug|Any CPU.ActiveCfg = Debug|Any CPU
		{3F2EF0F1-0E45-4B76-B623-DD19DAC96F50}.Debug|Any CPU.Build.0 = Debug|Any CPU
		{3F2EF0F1-0E45-4B76-B623-DD19DAC96F50}.Release|Any CPU.ActiveCfg = Release|Any CPU
		{3F2EF0F1-0E45-4B76-B623-DD19DAC96F50}.Release|Any CPU.Build.0 = Release|Any CPU
	EndGlobalSection
	GlobalSection(SolutionProperties) = preSolution
		HideSolutionNode = FALSE
	EndGlobalSection
	GlobalSection(NestedProjects) = preSolution
		{BCFBC3FC-DF54-40B2-8EE0-6C5C404B2074} = {FF2237A3-1C65-4BCB-991C-EB186FAEBBE6}
		{BF0A3A7E-67C3-488D-9F21-70CD2EB58445} = {390E4CCD-C15E-498A-A6F1-65BFC869E848}
		{629E9587-6923-48E5-9A9E-4A72CA0C8E76} = {390E4CCD-C15E-498A-A6F1-65BFC869E848}
		{3F2EF0F1-0E45-4B76-B623-DD19DAC96F50} = {390E4CCD-C15E-498A-A6F1-65BFC869E848}
	EndGlobalSection
EndGlobal
